// !$*UTF8*$!
{
	archiveVersion = 1;
	classes = {
	};
	objectVersion = 46;
	objects = {

/* Begin PBXBuildFile section */
		9CA203C91A3A8C8A008149AF /* TableViewController.m in Sources */ = {isa = PBXBuildFile; fileRef = 9CA203C81A3A8C8A008149AF /* TableViewController.m */; };
		9CA61CC11A37F0C70063A29C /* main.m in Sources */ = {isa = PBXBuildFile; fileRef = 9CA61CC01A37F0C70063A29C /* main.m */; };
		9CA61CC41A37F0C70063A29C /* AppDelegate.m in Sources */ = {isa = PBXBuildFile; fileRef = 9CA61CC31A37F0C70063A29C /* AppDelegate.m */; };
		9CA61CC71A37F0C70063A29C /* ViewController.m in Sources */ = {isa = PBXBuildFile; fileRef = 9CA61CC61A37F0C70063A29C /* ViewController.m */; };
		9CA61CCA1A37F0C70063A29C /* Main.storyboard in Resources */ = {isa = PBXBuildFile; fileRef = 9CA61CC81A37F0C70063A29C /* Main.storyboard */; };
		9CA61CCC1A37F0C70063A29C /* Images.xcassets in Resources */ = {isa = PBXBuildFile; fileRef = 9CA61CCB1A37F0C70063A29C /* Images.xcassets */; };
		9CA61CCF1A37F0C70063A29C /* LaunchScreen.xib in Resources */ = {isa = PBXBuildFile; fileRef = 9CA61CCD1A37F0C70063A29C /* LaunchScreen.xib */; };
		9CA61CE71A37F15F0063A29C /* DKTabPageViewController.m in Sources */ = {isa = PBXBuildFile; fileRef = 9CA61CE61A37F15F0063A29C /* DKTabPageViewController.m */; };
/* End PBXBuildFile section */

/* Begin PBXFileReference section */
		9CA203C71A3A8C8A008149AF /* TableViewController.h */ = {isa = PBXFileReference; fileEncoding = 4; lastKnownFileType = sourcecode.c.h; path = TableViewController.h; sourceTree = "<group>"; };
		9CA203C81A3A8C8A008149AF /* TableViewController.m */ = {isa = PBXFileReference; fileEncoding = 4; lastKnownFileType = sourcecode.c.objc; path = TableViewController.m; sourceTree = "<group>"; };
		9CA61CBB1A37F0C70063A29C /* DKTabPageViewControllerDemo.app */ = {isa = PBXFileReference; explicitFileType = wrapper.application; includeInIndex = 0; path = DKTabPageViewControllerDemo.app; sourceTree = BUILT_PRODUCTS_DIR; };
		9CA61CBF1A37F0C70063A29C /* Info.plist */ = {isa = PBXFileReference; lastKnownFileType = text.plist.xml; path = Info.plist; sourceTree = "<group>"; };
		9CA61CC01A37F0C70063A29C /* main.m */ = {isa = PBXFileReference; lastKnownFileType = sourcecode.c.objc; path = main.m; sourceTree = "<group>"; };
		9CA61CC21A37F0C70063A29C /* AppDelegate.h */ = {isa = PBXFileReference; lastKnownFileType = sourcecode.c.h; path = AppDelegate.h; sourceTree = "<group>"; };
		9CA61CC31A37F0C70063A29C /* AppDelegate.m */ = {isa = PBXFileReference; lastKnownFileType = sourcecode.c.objc; path = AppDelegate.m; sourceTree = "<group>"; };
		9CA61CC51A37F0C70063A29C /* ViewController.h */ = {isa = PBXFileReference; lastKnownFileType = sourcecode.c.h; path = ViewController.h; sourceTree = "<group>"; };
		9CA61CC61A37F0C70063A29C /* ViewController.m */ = {isa = PBXFileReference; lastKnownFileType = sourcecode.c.objc; path = ViewController.m; sourceTree = "<group>"; };
		9CA61CC91A37F0C70063A29C /* Base */ = {isa = PBXFileReference; lastKnownFileType = file.storyboard; name = Base; path = Base.lproj/Main.storyboard; sourceTree = "<group>"; };
		9CA61CCB1A37F0C70063A29C /* Images.xcassets */ = {isa = PBXFileReference; lastKnownFileType = folder.assetcatalog; path = Images.xcassets; sourceTree = "<group>"; };
		9CA61CCE1A37F0C70063A29C /* Base */ = {isa = PBXFileReference; lastKnownFileType = file.xib; name = Base; path = Base.lproj/LaunchScreen.xib; sourceTree = "<group>"; };
		9CA61CE51A37F15F0063A29C /* DKTabPageViewController.h */ = {isa = PBXFileReference; fileEncoding = 4; lastKnownFileType = sourcecode.c.h; path = DKTabPageViewController.h; sourceTree = "<group>"; };
		9CA61CE61A37F15F0063A29C /* DKTabPageViewController.m */ = {isa = PBXFileReference; fileEncoding = 4; lastKnownFileType = sourcecode.c.objc; path = DKTabPageViewController.m; sourceTree = "<group>"; };
/* End PBXFileReference section */

/* Begin PBXFrameworksBuildPhase section */
		9CA61CB81A37F0C70063A29C /* Frameworks */ = {
			isa = PBXFrameworksBuildPhase;
			buildActionMask = 2147483647;
			files = (
			);
			runOnlyForDeploymentPostprocessing = 0;
		};
/* End PBXFrameworksBuildPhase section */

/* Begin PBXGroup section */
		9CA61CB21A37F0C70063A29C = {
			isa = PBXGroup;
			children = (
				9CA61CBD1A37F0C70063A29C /* DKTabPageViewControllerDemo */,
				9CA61CBC1A37F0C70063A29C /* Products */,
			);
			sourceTree = "<group>";
		};
		9CA61CBC1A37F0C70063A29C /* Products */ = {
			isa = PBXGroup;
			children = (
				9CA61CBB1A37F0C70063A29C /* DKTabPageViewControllerDemo.app */,
			);
			name = Products;
			sourceTree = "<group>";
		};
		9CA61CBD1A37F0C70063A29C /* DKTabPageViewControllerDemo */ = {
			isa = PBXGroup;
			children = (
				9CA61CE41A37F15F0063A29C /* DKTabPageViewController */,
				9CA61CC21A37F0C70063A29C /* AppDelegate.h */,
				9CA61CC31A37F0C70063A29C /* AppDelegate.m */,
				9CA61CC51A37F0C70063A29C /* ViewController.h */,
				9CA61CC61A37F0C70063A29C /* ViewController.m */,
				9CA203C71A3A8C8A008149AF /* TableViewController.h */,
				9CA203C81A3A8C8A008149AF /* TableViewController.m */,
				9CA61CC81A37F0C70063A29C /* Main.storyboard */,
				9CA61CCB1A37F0C70063A29C /* Images.xcassets */,
				9CA61CCD1A37F0C70063A29C /* LaunchScreen.xib */,
				9CA61CBE1A37F0C70063A29C /* Supporting Files */,
			);
			path = DKTabPageViewControllerDemo;
			sourceTree = "<group>";
		};
		9CA61CBE1A37F0C70063A29C /* Supporting Files */ = {
			isa = PBXGroup;
			children = (
				9CA61CBF1A37F0C70063A29C /* Info.plist */,
				9CA61CC01A37F0C70063A29C /* main.m */,
			);
			name = "Supporting Files";
			sourceTree = "<group>";
		};
		9CA61CE41A37F15F0063A29C /* DKTabPageViewController */ = {
			isa = PBXGroup;
			children = (
				9CA61CE51A37F15F0063A29C /* DKTabPageViewController.h */,
				9CA61CE61A37F15F0063A29C /* DKTabPageViewController.m */,
			);
			name = DKTabPageViewController;
			path = ../../DKTabPageViewController;
			sourceTree = "<group>";
		};
/* End PBXGroup section */

/* Begin PBXNativeTarget section */
		9CA61CBA1A37F0C70063A29C /* DKTabPageViewControllerDemo */ = {
			isa = PBXNativeTarget;
			buildConfigurationList = 9CA61CDE1A37F0C70063A29C /* Build configuration list for PBXNativeTarget "DKTabPageViewControllerDemo" */;
			buildPhases = (
				9CA61CB71A37F0C70063A29C /* Sources */,
				9CA61CB81A37F0C70063A29C /* Frameworks */,
				9CA61CB91A37F0C70063A29C /* Resources */,
			);
			buildRules = (
			);
			dependencies = (
			);
			name = DKTabPageViewControllerDemo;
			productName = DKTabPageViewControllerDemo;
			productReference = 9CA61CBB1A37F0C70063A29C /* DKTabPageViewControllerDemo.app */;
			productType = "com.apple.product-type.application";
		};
/* End PBXNativeTarget section */

/* Begin PBXProject section */
		9CA61CB31A37F0C70063A29C /* Project object */ = {
			isa = PBXProject;
			attributes = {
				LastUpgradeCheck = 0620;
				ORGANIZATIONNAME = ZhangAo;
				TargetAttributes = {
					9CA61CBA1A37F0C70063A29C = {
						CreatedOnToolsVersion = 6.2;
					};
				};
			};
			buildConfigurationList = 9CA61CB61A37F0C70063A29C /* Build configuration list for PBXProject "DKTabPageViewControllerDemo" */;
			compatibilityVersion = "Xcode 3.2";
			developmentRegion = English;
			hasScannedForEncodings = 0;
			knownRegions = (
				en,
				Base,
			);
			mainGroup = 9CA61CB21A37F0C70063A29C;
			productRefGroup = 9CA61CBC1A37F0C70063A29C /* Products */;
			projectDirPath = "";
			projectRoot = "";
			targets = (
				9CA61CBA1A37F0C70063A29C /* DKTabPageViewControllerDemo */,
			);
		};
/* End PBXProject section */

/* Begin PBXResourcesBuildPhase section */
		9CA61CB91A37F0C70063A29C /* Resources */ = {
			isa = PBXResourcesBuildPhase;
			buildActionMask = 2147483647;
			files = (
				9CA61CCA1A37F0C70063A29C /* Main.storyboard in Resources */,
				9CA61CCF1A37F0C70063A29C /* LaunchScreen.xib in Resources */,
				9CA61CCC1A37F0C70063A29C /* Images.xcassets in Resources */,
			);
			runOnlyForDeploymentPostprocessing = 0;
		};
/* End PBXResourcesBuildPhase section */

/* Begin PBXSourcesBuildPhase section */
		9CA61CB71A37F0C70063A29C /* Sources */ = {
			isa = PBXSourcesBuildPhase;
			buildActionMask = 2147483647;
			files = (
				9CA61CC71A37F0C70063A29C /* ViewController.m in Sources */,
				9CA61CC41A37F0C70063A29C /* AppDelegate.m in Sources */,
				9CA61CE71A37F15F0063A29C /* DKTabPageViewController.m in Sources */,
				9CA203C91A3A8C8A008149AF /* TableViewController.m in Sources */,
				9CA61CC11A37F0C70063A29C /* main.m in Sources */,
			);
			runOnlyForDeploymentPostprocessing = 0;
		};
/* End PBXSourcesBuildPhase section */

/* Begin PBXVariantGroup section */
		9CA61CC81A37F0C70063A29C /* Main.storyboard */ = {
			isa = PBXVariantGroup;
			children = (
				9CA61CC91A37F0C70063A29C /* Base */,
			);
			name = Main.storyboard;
			sourceTree = "<group>";
		};
		9CA61CCD1A37F0C70063A29C /* LaunchScreen.xib */ = {
			isa = PBXVariantGroup;
			children = (
				9CA61CCE1A37F0C70063A29C /* Base */,
			);
			name = LaunchScreen.xib;
			sourceTree = "<group>";
		};
/* End PBXVariantGroup section */

/* Begin XCBuildConfiguration section */
		9CA61CDC1A37F0C70063A29C /* Debug */ = {
			isa = XCBuildConfiguration;
			buildSettings = {
				ALWAYS_SEARCH_USER_PATHS = NO;
				CLANG_CXX_LANGUAGE_STANDARD = "gnu++0x";
				CLANG_CXX_LIBRARY = "libc++";
				CLANG_ENABLE_MODULES = YES;
				CLANG_ENABLE_OBJC_ARC = YES;
				CLANG_WARN_BOOL_CONVERSION = YES;
				CLANG_WARN_CONSTANT_CONVERSION = YES;
				CLANG_WARN_DIRECT_OBJC_ISA_USAGE = YES_ERROR;
				CLANG_WARN_EMPTY_BODY = YES;
				CLANG_WARN_ENUM_CONVERSION = YES;
				CLANG_WARN_INT_CONVERSION = YES;
				CLANG_WARN_OBJC_ROOT_CLASS = YES_ERROR;
				CLANG_WARN_UNREACHABLE_CODE = YES;
				CLANG_WARN__DUPLICATE_METHOD_MATCH = YES;
				CODE_SIGN_IDENTITY = "";
				"CODE_SIGN_IDENTITY[sdk=iphoneos*]" = "";
				COPY_PHASE_STRIP = NO;
				ENABLE_STRICT_OBJC_MSGSEND = YES;
				GCC_C_LANGUAGE_STANDARD = gnu99;
				GCC_DYNAMIC_NO_PIC = NO;
				GCC_OPTIMIZATION_LEVEL = 0;
				GCC_PREPROCESSOR_DEFINITIONS = (
					"DEBUG=1",
					"$(inherited)",
				);
				GCC_SYMBOLS_PRIVATE_EXTERN = NO;
				GCC_WARN_64_TO_32_BIT_CONVERSION = YES;
				GCC_WARN_ABOUT_RETURN_TYPE = YES_ERROR;
				GCC_WARN_UNDECLARED_SELECTOR = YES;
				GCC_WARN_UNINITIALIZED_AUTOS = YES_AGGRESSIVE;
				GCC_WARN_UNUSED_FUNCTION = YES;
				GCC_WARN_UNUSED_VARIABLE = YES;
				IPHONEOS_DEPLOYMENT_TARGET = 7.1;
				MTL_ENABLE_DEBUG_INFO = YES;
				ONLY_ACTIVE_ARCH = YES;
				SDKROOT = iphoneos;
				TARGETED_DEVICE_FAMILY = "1,2";
			};
			name = Debug;
		};
		9CA61CDD1A37F0C70063A29C /* Release */ = {
			isa = XCBuildConfiguration;
			buildSettings = {
				ALWAYS_SEARCH_USER_PATHS = NO;
				CLANG_CXX_LANGUAGE_STANDARD = "gnu++0x";
				CLANG_CXX_LIBRARY = "libc++";
				CLANG_ENABLE_MODULES = YES;
				CLANG_ENABLE_OBJC_ARC = YES;
				CLANG_WARN_BOOL_CONVERSION = YES;
				CLANG_WARN_CONSTANT_CONVERSION = YES;
				CLANG_WARN_DIRECT_OBJC_ISA_USAGE = YES_ERROR;
				CLANG_WARN_EMPTY_BODY = YES;
				CLANG_WARN_ENUM_CONVERSION = YES;
				CLANG_WARN_INT_CONVERSION = YES;
				CLANG_WARN_OBJC_ROOT_CLASS = YES_ERROR;
				CLANG_WARN_UNREACHABLE_CODE = YES;
				CLANG_WARN__DUPLICATE_METHOD_MATCH = YES;
				CODE_SIGN_IDENTITY = "";
				"CODE_SIGN_IDENTITY[sdk=iphoneos*]" = "";
				COPY_PHASE_STRIP = YES;
				ENABLE_NS_ASSERTIONS = NO;
				ENABLE_STRICT_OBJC_MSGSEND = YES;
				GCC_C_LANGUAGE_STANDARD = gnu99;
				GCC_WARN_64_TO_32_BIT_CONVERSION = YES;
				GCC_WARN_ABOUT_RETURN_TYPE = YES_ERROR;
				GCC_WARN_UNDECLARED_SELECTOR = YES;
				GCC_WARN_UNINITIALIZED_AUTOS = YES_AGGRESSIVE;
				GCC_WARN_UNUSED_FUNCTION = YES;
				GCC_WARN_UNUSED_VARIABLE = YES;
				IPHONEOS_DEPLOYMENT_TARGET = 7.1;
				MTL_ENABLE_DEBUG_INFO = NO;
				SDKROOT = iphoneos;
				TARGETED_DEVICE_FAMILY = "1,2";
				VALIDATE_PRODUCT = YES;
			};
			name = Release;
		};
		9CA61CDF1A37F0C70063A29C /* Debug */ = {
			isa = XCBuildConfiguration;
			buildSettings = {
				ASSETCATALOG_COMPILER_APPICON_NAME = AppIcon;
				CODE_SIGN_IDENTITY = "iPhone Developer";
				INFOPLIST_FILE = DKTabPageViewControllerDemo/Info.plist;
				IPHONEOS_DEPLOYMENT_TARGET = 6.0;
				LD_RUNPATH_SEARCH_PATHS = "$(inherited) @executable_path/Frameworks";
				PRODUCT_NAME = "$(TARGET_NAME)";
			};
			name = Debug;
		};
		9CA61CE01A37F0C70063A29C /* Release */ = {
			isa = XCBuildConfiguration;
			buildSettings = {
				ASSETCATALOG_COMPILER_APPICON_NAME = AppIcon;
				CODE_SIGN_IDENTITY = "iPhone Developer";
				INFOPLIST_FILE = DKTabPageViewControllerDemo/Info.plist;
				IPHONEOS_DEPLOYMENT_TARGET = 6.0;
				LD_RUNPATH_SEARCH_PATHS = "$(inherited) @executable_path/Frameworks";
				PRODUCT_NAME = "$(TARGET_NAME)";
			};
			name = Release;
		};
/* End XCBuildConfiguration section */

/* Begin XCConfigurationList section */
		9CA61CB61A37F0C70063A29C /* Build configuration list for PBXProject "DKTabPageViewControllerDemo" */ = {
			isa = XCConfigurationList;
			buildConfigurations = (
				9CA61CDC1A37F0C70063A29C /* Debug */,
				9CA61CDD1A37F0C70063A29C /* Release */,
			);
			defaultConfigurationIsVisible = 0;
			defaultConfigurationName = Release;
		};
		9CA61CDE1A37F0C70063A29C /* Build configuration list for PBXNativeTarget "DKTabPageViewControllerDemo" */ = {
			isa = XCConfigurationList;
			buildConfigurations = (
				9CA61CDF1A37F0C70063A29C /* Debug */,
				9CA61CE01A37F0C70063A29C /* Release */,
			);
			defaultConfigurationIsVisible = 0;
			defaultConfigurationName = Release;
		};
/* End XCConfigurationList section */
	};
	rootObject = 9CA61CB31A37F0C70063A29C /* Project object */;
}
